
Microsoft Visual Studio Solution File, Format Version 12.00
# Visual Studio Version 17
VisualStudioVersion = 17.3.32819.101
MinimumVisualStudioVersion = 10.0.40219.1
Project("{FAE04EC0-301F-11D3-BF4B-00C04F79EFBC}") = "YeastTextAdventure", "YeastTextAdventure\YeastTextAdventure.csproj", "{A449BAAB-C32F-40CD-BE55-918AF7B15E83}"
EndProject
Global
	GlobalSection(SolutionConfigurationPlatforms) = preSolution
		Debug|Any CPU = Debug|Any CPU
		Release|Any CPU = Release|Any CPU
	EndGlobalSection
	GlobalSection(ProjectConfigurationPlatforms) = postSolution
		{A449BAAB-C32F-40CD-BE55-918AF7B15E83}.Debug|Any CPU.ActiveCfg = Debug|Any CPU
		{A449BAAB-C32F-40CD-BE55-918AF7B15E83}.Debug|Any CPU.Build.0 = Debug|Any CPU
		{A449BAAB-C32F-40CD-BE55-918AF7B15E83}.Release|Any CPU.ActiveCfg = Release|Any CPU
		{A449BAAB-C32F-40CD-BE55-918AF7B15E83}.Release|Any CPU.Build.0 = Release|Any CPU
	EndGlobalSection
	GlobalSection(SolutionProperties) = preSolution
		HideSolutionNode = FALSE
	EndGlobalSection
	GlobalSection(ExtensibilityGlobals) = postSolution
		SolutionGuid = {7C84B5F4-DE36-40A9-BE15-539F405C836E}
	EndGlobalSection
EndGlobal
